// !$*UTF8*$!
{
	archiveVersion = 1;
	classes = {
	};
	objectVersion = 56;
	objects = {

/* Begin PBXBuildFile section */
		E4D432172ABC61EE001C1EC6 /* AppDelegate.swift in Sources */ = {isa = PBXBuildFile; fileRef = E4D432162ABC61EE001C1EC6 /* AppDelegate.swift */; };
		E4D432192ABC61EE001C1EC6 /* SceneDelegate.swift in Sources */ = {isa = PBXBuildFile; fileRef = E4D432182ABC61EE001C1EC6 /* SceneDelegate.swift */; };
		E4D4321B2ABC61EE001C1EC6 /* ViewController.swift in Sources */ = {isa = PBXBuildFile; fileRef = E4D4321A2ABC61EE001C1EC6 /* ViewController.swift */; };
		E4D4321E2ABC61EE001C1EC6 /* Main.storyboard in Resources */ = {isa = PBXBuildFile; fileRef = E4D4321C2ABC61EE001C1EC6 /* Main.storyboard */; };
		E4D432202ABC61EF001C1EC6 /* Assets.xcassets in Resources */ = {isa = PBXBuildFile; fileRef = E4D4321F2ABC61EF001C1EC6 /* Assets.xcassets */; };
		E4D432232ABC61EF001C1EC6 /* LaunchScreen.storyboard in Resources */ = {isa = PBXBuildFile; fileRef = E4D432212ABC61EF001C1EC6 /* LaunchScreen.storyboard */; };
		E4D4322E2ABC61EF001C1EC6 /* I_Can_SingTests.swift in Sources */ = {isa = PBXBuildFile; fileRef = E4D4322D2ABC61EF001C1EC6 /* I_Can_SingTests.swift */; };
		E4D432382ABC61EF001C1EC6 /* I_Can_SingUITests.swift in Sources */ = {isa = PBXBuildFile; fileRef = E4D432372ABC61EF001C1EC6 /* I_Can_SingUITests.swift */; };
		E4D4323A2ABC61EF001C1EC6 /* I_Can_SingUITestsLaunchTests.swift in Sources */ = {isa = PBXBuildFile; fileRef = E4D432392ABC61EF001C1EC6 /* I_Can_SingUITestsLaunchTests.swift */; };
/* End PBXBuildFile section */

/* Begin PBXContainerItemProxy section */
		E4D4322A2ABC61EF001C1EC6 /* PBXContainerItemProxy */ = {
			isa = PBXContainerItemProxy;
			containerPortal = E4D4320B2ABC61EE001C1EC6 /* Project object */;
			proxyType = 1;
			remoteGlobalIDString = E4D432122ABC61EE001C1EC6;
			remoteInfo = "I Can Sing";
		};
		E4D432342ABC61EF001C1EC6 /* PBXContainerItemProxy */ = {
			isa = PBXContainerItemProxy;
			containerPortal = E4D4320B2ABC61EE001C1EC6 /* Project object */;
			proxyType = 1;
			remoteGlobalIDString = E4D432122ABC61EE001C1EC6;
			remoteInfo = "I Can Sing";
		};
/* End PBXContainerItemProxy section */

/* Begin PBXFileReference section */
		E4D432132ABC61EE001C1EC6 /* I Can Sing.app */ = {isa = PBXFileReference; explicitFileType = wrapper.application; includeInIndex = 0; path = "I Can Sing.app"; sourceTree = BUILT_PRODUCTS_DIR; };
		E4D432162ABC61EE001C1EC6 /* AppDelegate.swift */ = {isa = PBXFileReference; lastKnownFileType = sourcecode.swift; path = AppDelegate.swift; sourceTree = "<group>"; };
		E4D432182ABC61EE001C1EC6 /* SceneDelegate.swift */ = {isa = PBXFileReference; lastKnownFileType = sourcecode.swift; path = SceneDelegate.swift; sourceTree = "<group>"; };
		E4D4321A2ABC61EE001C1EC6 /* ViewController.swift */ = {isa = PBXFileReference; lastKnownFileType = sourcecode.swift; path = ViewController.swift; sourceTree = "<group>"; };
		E4D4321D2ABC61EE001C1EC6 /* Base */ = {isa = PBXFileReference; lastKnownFileType = file.storyboard; name = Base; path = Base.lproj/Main.storyboard; sourceTree = "<group>"; };
		E4D4321F2ABC61EF001C1EC6 /* Assets.xcassets */ = {isa = PBXFileReference; lastKnownFileType = folder.assetcatalog; path = Assets.xcassets; sourceTree = "<group>"; };
		E4D432222ABC61EF001C1EC6 /* Base */ = {isa = PBXFileReference; lastKnownFileType = file.storyboard; name = Base; path = Base.lproj/LaunchScreen.storyboard; sourceTree = "<group>"; };
		E4D432242ABC61EF001C1EC6 /* Info.plist */ = {isa = PBXFileReference; lastKnownFileType = text.plist.xml; path = Info.plist; sourceTree = "<group>"; };
		E4D432292ABC61EF001C1EC6 /* I Can SingTests.xctest */ = {isa = PBXFileReference; explicitFileType = wrapper.cfbundle; includeInIndex = 0; path = "I Can SingTests.xctest"; sourceTree = BUILT_PRODUCTS_DIR; };
		E4D4322D2ABC61EF001C1EC6 /* I_Can_SingTests.swift */ = {isa = PBXFileReference; lastKnownFileType = sourcecode.swift; path = I_Can_SingTests.swift; sourceTree = "<group>"; };
		E4D432332ABC61EF001C1EC6 /* I Can SingUITests.xctest */ = {isa = PBXFileReference; explicitFileType = wrapper.cfbundle; includeInIndex = 0; path = "I Can SingUITests.xctest"; sourceTree = BUILT_PRODUCTS_DIR; };
		E4D432372ABC61EF001C1EC6 /* I_Can_SingUITests.swift */ = {isa = PBXFileReference; lastKnownFileType = sourcecode.swift; path = I_Can_SingUITests.swift; sourceTree = "<group>"; };
		E4D432392ABC61EF001C1EC6 /* I_Can_SingUITestsLaunchTests.swift */ = {isa = PBXFileReference; lastKnownFileType = sourcecode.swift; path = I_Can_SingUITestsLaunchTests.swift; sourceTree = "<group>"; };
/* End PBXFileReference section */

/* Begin PBXFrameworksBuildPhase section */
		E4D432102ABC61EE001C1EC6 /* Frameworks */ = {
			isa = PBXFrameworksBuildPhase;
			buildActionMask = 2147483647;
			files = (
			);
			runOnlyForDeploymentPostprocessing = 0;
		};
		E4D432262ABC61EF001C1EC6 /* Frameworks */ = {
			isa = PBXFrameworksBuildPhase;
			buildActionMask = 2147483647;
			files = (
			);
			runOnlyForDeploymentPostprocessing = 0;
		};
		E4D432302ABC61EF001C1EC6 /* Frameworks */ = {
			isa = PBXFrameworksBuildPhase;
			buildActionMask = 2147483647;
			files = (
			);
			runOnlyForDeploymentPostprocessing = 0;
		};
/* End PBXFrameworksBuildPhase section */

/* Begin PBXGroup section */
		E4D4320A2ABC61EE001C1EC6 = {
			isa = PBXGroup;
			children = (
				E4D432152ABC61EE001C1EC6 /* I Can Sing */,
				E4D4322C2ABC61EF001C1EC6 /* I Can SingTests */,
				E4D432362ABC61EF001C1EC6 /* I Can SingUITests */,
				E4D432142ABC61EE001C1EC6 /* Products */,
			);
			sourceTree = "<group>";
		};
		E4D432142ABC61EE001C1EC6 /* Products */ = {
			isa = PBXGroup;
			children = (
				E4D432132ABC61EE001C1EC6 /* I Can Sing.app */,
				E4D432292ABC61EF001C1EC6 /* I Can SingTests.xctest */,
				E4D432332ABC61EF001C1EC6 /* I Can SingUITests.xctest */,
			);
			name = Products;
			sourceTree = "<group>";
		};
		E4D432152ABC61EE001C1EC6 /* I Can Sing */ = {
			isa = PBXGroup;
			children = (
				E4D432162ABC61EE001C1EC6 /* AppDelegate.swift */,
				E4D432182ABC61EE001C1EC6 /* SceneDelegate.swift */,
				E4D4321A2ABC61EE001C1EC6 /* ViewController.swift */,
				E4D4321C2ABC61EE001C1EC6 /* Main.storyboard */,
				E4D4321F2ABC61EF001C1EC6 /* Assets.xcassets */,
				E4D432212ABC61EF001C1EC6 /* LaunchScreen.storyboard */,
				E4D432242ABC61EF001C1EC6 /* Info.plist */,
			);
			path = "I Can Sing";
			sourceTree = "<group>";
		};
		E4D4322C2ABC61EF001C1EC6 /* I Can SingTests */ = {
			isa = PBXGroup;
			children = (
				E4D4322D2ABC61EF001C1EC6 /* I_Can_SingTests.swift */,
			);
			path = "I Can SingTests";
			sourceTree = "<group>";
		};
		E4D432362ABC61EF001C1EC6 /* I Can SingUITests */ = {
			isa = PBXGroup;
			children = (
				E4D432372ABC61EF001C1EC6 /* I_Can_SingUITests.swift */,
				E4D432392ABC61EF001C1EC6 /* I_Can_SingUITestsLaunchTests.swift */,
			);
			path = "I Can SingUITests";
			sourceTree = "<group>";
		};
/* End PBXGroup section */

/* Begin PBXNativeTarget section */
		E4D432122ABC61EE001C1EC6 /* I Can Sing */ = {
			isa = PBXNativeTarget;
			buildConfigurationList = E4D4323D2ABC61EF001C1EC6 /* Build configuration list for PBXNativeTarget "I Can Sing" */;
			buildPhases = (
				E4D4320F2ABC61EE001C1EC6 /* Sources */,
				E4D432102ABC61EE001C1EC6 /* Frameworks */,
				E4D432112ABC61EE001C1EC6 /* Resources */,
			);
			buildRules = (
			);
			dependencies = (
			);
			name = "I Can Sing";
			productName = "I Can Sing";
			productReference = E4D432132ABC61EE001C1EC6 /* I Can Sing.app */;
			productType = "com.apple.product-type.application";
		};
		E4D432282ABC61EF001C1EC6 /* I Can SingTests */ = {
			isa = PBXNativeTarget;
			buildConfigurationList = E4D432402ABC61EF001C1EC6 /* Build configuration list for PBXNativeTarget "I Can SingTests" */;
			buildPhases = (
				E4D432252ABC61EF001C1EC6 /* Sources */,
				E4D432262ABC61EF001C1EC6 /* Frameworks */,
				E4D432272ABC61EF001C1EC6 /* Resources */,
			);
			buildRules = (
			);
			dependencies = (
				E4D4322B2ABC61EF001C1EC6 /* PBXTargetDependency */,
			);
			name = "I Can SingTests";
			productName = "I Can SingTests";
			productReference = E4D432292ABC61EF001C1EC6 /* I Can SingTests.xctest */;
			productType = "com.apple.product-type.bundle.unit-test";
		};
		E4D432322ABC61EF001C1EC6 /* I Can SingUITests */ = {
			isa = PBXNativeTarget;
			buildConfigurationList = E4D432432ABC61EF001C1EC6 /* Build configuration list for PBXNativeTarget "I Can SingUITests" */;
			buildPhases = (
				E4D4322F2ABC61EF001C1EC6 /* Sources */,
				E4D432302ABC61EF001C1EC6 /* Frameworks */,
				E4D432312ABC61EF001C1EC6 /* Resources */,
			);
			buildRules = (
			);
			dependencies = (
				E4D432352ABC61EF001C1EC6 /* PBXTargetDependency */,
			);
			name = "I Can SingUITests";
			productName = "I Can SingUITests";
			productReference = E4D432332ABC61EF001C1EC6 /* I Can SingUITests.xctest */;
			productType = "com.apple.product-type.bundle.ui-testing";
		};
/* End PBXNativeTarget section */

/* Begin PBXProject section */
		E4D4320B2ABC61EE001C1EC6 /* Project object */ = {
			isa = PBXProject;
			attributes = {
				BuildIndependentTargetsInParallel = 1;
				LastSwiftUpdateCheck = 1430;
				LastUpgradeCheck = 1430;
				TargetAttributes = {
					E4D432122ABC61EE001C1EC6 = {
						CreatedOnToolsVersion = 14.3;
					};
					E4D432282ABC61EF001C1EC6 = {
						CreatedOnToolsVersion = 14.3;
						TestTargetID = E4D432122ABC61EE001C1EC6;
					};
					E4D432322ABC61EF001C1EC6 = {
						CreatedOnToolsVersion = 14.3;
						TestTargetID = E4D432122ABC61EE001C1EC6;
					};
				};
			};
			buildConfigurationList = E4D4320E2ABC61EE001C1EC6 /* Build configuration list for PBXProject "I Can Sing" */;
			compatibilityVersion = "Xcode 14.0";
			developmentRegion = en;
			hasScannedForEncodings = 0;
			knownRegions = (
				en,
				Base,
			);
			mainGroup = E4D4320A2ABC61EE001C1EC6;
			productRefGroup = E4D432142ABC61EE001C1EC6 /* Products */;
			projectDirPath = "";
			projectRoot = "";
			targets = (
				E4D432122ABC61EE001C1EC6 /* I Can Sing */,
				E4D432282ABC61EF001C1EC6 /* I Can SingTests */,
				E4D432322ABC61EF001C1EC6 /* I Can SingUITests */,
			);
		};
/* End PBXProject section */

/* Begin PBXResourcesBuildPhase section */
		E4D432112ABC61EE001C1EC6 /* Resources */ = {
			isa = PBXResourcesBuildPhase;
			buildActionMask = 2147483647;
			files = (
				E4D432232ABC61EF001C1EC6 /* LaunchScreen.storyboard in Resources */,
				E4D432202ABC61EF001C1EC6 /* Assets.xcassets in Resources */,
				E4D4321E2ABC61EE001C1EC6 /* Main.storyboard in Resources */,
			);
			runOnlyForDeploymentPostprocessing = 0;
		};
		E4D432272ABC61EF001C1EC6 /* Resources */ = {
			isa = PBXResourcesBuildPhase;
			buildActionMask = 2147483647;
			files = (
			);
			runOnlyForDeploymentPostprocessing = 0;
		};
		E4D432312ABC61EF001C1EC6 /* Resources */ = {
			isa = PBXResourcesBuildPhase;
			buildActionMask = 2147483647;
			files = (
			);
			runOnlyForDeploymentPostprocessing = 0;
		};
/* End PBXResourcesBuildPhase section */

/* Begin PBXSourcesBuildPhase section */
		E4D4320F2ABC61EE001C1EC6 /* Sources */ = {
			isa = PBXSourcesBuildPhase;
			buildActionMask = 2147483647;
			files = (
				E4D4321B2ABC61EE001C1EC6 /* ViewController.swift in Sources */,
				E4D432172ABC61EE001C1EC6 /* AppDelegate.swift in Sources */,
				E4D432192ABC61EE001C1EC6 /* SceneDelegate.swift in Sources */,
			);
			runOnlyForDeploymentPostprocessing = 0;
		};
		E4D432252ABC61EF001C1EC6 /* Sources */ = {
			isa = PBXSourcesBuildPhase;
			buildActionMask = 2147483647;
			files = (
				E4D4322E2ABC61EF001C1EC6 /* I_Can_SingTests.swift in Sources */,
			);
			runOnlyForDeploymentPostprocessing = 0;
		};
		E4D4322F2ABC61EF001C1EC6 /* Sources */ = {
			isa = PBXSourcesBuildPhase;
			buildActionMask = 2147483647;
			files = (
				E4D4323A2ABC61EF001C1EC6 /* I_Can_SingUITestsLaunchTests.swift in Sources */,
				E4D432382ABC61EF001C1EC6 /* I_Can_SingUITests.swift in Sources */,
			);
			runOnlyForDeploymentPostprocessing = 0;
		};
/* End PBXSourcesBuildPhase section */

/* Begin PBXTargetDependency section */
		E4D4322B2ABC61EF001C1EC6 /* PBXTargetDependency */ = {
			isa = PBXTargetDependency;
			target = E4D432122ABC61EE001C1EC6 /* I Can Sing */;
			targetProxy = E4D4322A2ABC61EF001C1EC6 /* PBXContainerItemProxy */;
		};
		E4D432352ABC61EF001C1EC6 /* PBXTargetDependency */ = {
			isa = PBXTargetDependency;
			target = E4D432122ABC61EE001C1EC6 /* I Can Sing */;
			targetProxy = E4D432342ABC61EF001C1EC6 /* PBXContainerItemProxy */;
		};
/* End PBXTargetDependency section */

/* Begin PBXVariantGroup section */
		E4D4321C2ABC61EE001C1EC6 /* Main.storyboard */ = {
			isa = PBXVariantGroup;
			children = (
				E4D4321D2ABC61EE001C1EC6 /* Base */,
			);
			name = Main.storyboard;
			sourceTree = "<group>";
		};
		E4D432212ABC61EF001C1EC6 /* LaunchScreen.storyboard */ = {
			isa = PBXVariantGroup;
			children = (
				E4D432222ABC61EF001C1EC6 /* Base */,
			);
			name = LaunchScreen.storyboard;
			sourceTree = "<group>";
		};
/* End PBXVariantGroup section */

/* Begin XCBuildConfiguration section */
		E4D4323B2ABC61EF001C1EC6 /* Debug */ = {
			isa = XCBuildConfiguration;
			buildSettings = {
				ALWAYS_SEARCH_USER_PATHS = NO;
				CLANG_ANALYZER_NONNULL = YES;
				CLANG_ANALYZER_NUMBER_OBJECT_CONVERSION = YES_AGGRESSIVE;
				CLANG_CXX_LANGUAGE_STANDARD = "gnu++20";
				CLANG_ENABLE_MODULES = YES;
				CLANG_ENABLE_OBJC_ARC = YES;
				CLANG_ENABLE_OBJC_WEAK = YES;
				CLANG_WARN_BLOCK_CAPTURE_AUTORELEASING = YES;
				CLANG_WARN_BOOL_CONVERSION = YES;
				CLANG_WARN_COMMA = YES;
				CLANG_WARN_CONSTANT_CONVERSION = YES;
				CLANG_WARN_DEPRECATED_OBJC_IMPLEMENTATIONS = YES;
				CLANG_WARN_DIRECT_OBJC_ISA_USAGE = YES_ERROR;
				CLANG_WARN_DOCUMENTATION_COMMENTS = YES;
				CLANG_WARN_EMPTY_BODY = YES;
				CLANG_WARN_ENUM_CONVERSION = YES;
				CLANG_WARN_INFINITE_RECURSION = YES;
				CLANG_WARN_INT_CONVERSION = YES;
				CLANG_WARN_NON_LITERAL_NULL_CONVERSION = YES;
				CLANG_WARN_OBJC_IMPLICIT_RETAIN_SELF = YES;
				CLANG_WARN_OBJC_LITERAL_CONVERSION = YES;
				CLANG_WARN_OBJC_ROOT_CLASS = YES_ERROR;
				CLANG_WARN_QUOTED_INCLUDE_IN_FRAMEWORK_HEADER = YES;
				CLANG_WARN_RANGE_LOOP_ANALYSIS = YES;
				CLANG_WARN_STRICT_PROTOTYPES = YES;
				CLANG_WARN_SUSPICIOUS_MOVE = YES;
				CLANG_WARN_UNGUARDED_AVAILABILITY = YES_AGGRESSIVE;
				CLANG_WARN_UNREACHABLE_CODE = YES;
				CLANG_WARN__DUPLICATE_METHOD_MATCH = YES;
				COPY_PHASE_STRIP = NO;
				DEBUG_INFORMATION_FORMAT = dwarf;
				ENABLE_STRICT_OBJC_MSGSEND = YES;
				ENABLE_TESTABILITY = YES;
				GCC_C_LANGUAGE_STANDARD = gnu11;
				GCC_DYNAMIC_NO_PIC = NO;
				GCC_NO_COMMON_BLOCKS = YES;
				GCC_OPTIMIZATION_LEVEL = 0;
				GCC_PREPROCESSOR_DEFINITIONS = (
					"DEBUG=1",
					"$(inherited)",
				);
				GCC_WARN_64_TO_32_BIT_CONVERSION = YES;
				GCC_WARN_ABOUT_RETURN_TYPE = YES_ERROR;
				GCC_WARN_UNDECLARED_SELECTOR = YES;
				GCC_WARN_UNINITIALIZED_AUTOS = YES_AGGRESSIVE;
				GCC_WARN_UNUSED_FUNCTION = YES;
				GCC_WARN_UNUSED_VARIABLE = YES;
				IPHONEOS_DEPLOYMENT_TARGET = 16.4;
				MTL_ENABLE_DEBUG_INFO = INCLUDE_SOURCE;
				MTL_FAST_MATH = YES;
				ONLY_ACTIVE_ARCH = YES;
				SDKROOT = iphoneos;
				SWIFT_ACTIVE_COMPILATION_CONDITIONS = DEBUG;
				SWIFT_OPTIMIZATION_LEVEL = "-Onone";
			};
			name = Debug;
		};
		E4D4323C2ABC61EF001C1EC6 /* Release */ = {
			isa = XCBuildConfiguration;
			buildSettings = {
				ALWAYS_SEARCH_USER_PATHS = NO;
				CLANG_ANALYZER_NONNULL = YES;
				CLANG_ANALYZER_NUMBER_OBJECT_CONVERSION = YES_AGGRESSIVE;
				CLANG_CXX_LANGUAGE_STANDARD = "gnu++20";
				CLANG_ENABLE_MODULES = YES;
				CLANG_ENABLE_OBJC_ARC = YES;
				CLANG_ENABLE_OBJC_WEAK = YES;
				CLANG_WARN_BLOCK_CAPTURE_AUTORELEASING = YES;
				CLANG_WARN_BOOL_CONVERSION = YES;
				CLANG_WARN_COMMA = YES;
				CLANG_WARN_CONSTANT_CONVERSION = YES;
				CLANG_WARN_DEPRECATED_OBJC_IMPLEMENTATIONS = YES;
				CLANG_WARN_DIRECT_OBJC_ISA_USAGE = YES_ERROR;
				CLANG_WARN_DOCUMENTATION_COMMENTS = YES;
				CLANG_WARN_EMPTY_BODY = YES;
				CLANG_WARN_ENUM_CONVERSION = YES;
				CLANG_WARN_INFINITE_RECURSION = YES;
				CLANG_WARN_INT_CONVERSION = YES;
				CLANG_WARN_NON_LITERAL_NULL_CONVERSION = YES;
				CLANG_WARN_OBJC_IMPLICIT_RETAIN_SELF = YES;
				CLANG_WARN_OBJC_LITERAL_CONVERSION = YES;
				CLANG_WARN_OBJC_ROOT_CLASS = YES_ERROR;
				CLANG_WARN_QUOTED_INCLUDE_IN_FRAMEWORK_HEADER = YES;
				CLANG_WARN_RANGE_LOOP_ANALYSIS = YES;
				CLANG_WARN_STRICT_PROTOTYPES = YES;
				CLANG_WARN_SUSPICIOUS_MOVE = YES;
				CLANG_WARN_UNGUARDED_AVAILABILITY = YES_AGGRESSIVE;
				CLANG_WARN_UNREACHABLE_CODE = YES;
				CLANG_WARN__DUPLICATE_METHOD_MATCH = YES;
				COPY_PHASE_STRIP = NO;
				DEBUG_INFORMATION_FORMAT = "dwarf-with-dsym";
				ENABLE_NS_ASSERTIONS = NO;
				ENABLE_STRICT_OBJC_MSGSEND = YES;
				GCC_C_LANGUAGE_STANDARD = gnu11;
				GCC_NO_COMMON_BLOCKS = YES;
				GCC_WARN_64_TO_32_BIT_CONVERSION = YES;
				GCC_WARN_ABOUT_RETURN_TYPE = YES_ERROR;
				GCC_WARN_UNDECLARED_SELECTOR = YES;
				GCC_WARN_UNINITIALIZED_AUTOS = YES_AGGRESSIVE;
				GCC_WARN_UNUSED_FUNCTION = YES;
				GCC_WARN_UNUSED_VARIABLE = YES;
				IPHONEOS_DEPLOYMENT_TARGET = 16.4;
				MTL_ENABLE_DEBUG_INFO = NO;
				MTL_FAST_MATH = YES;
				SDKROOT = iphoneos;
				SWIFT_COMPILATION_MODE = wholemodule;
				SWIFT_OPTIMIZATION_LEVEL = "-O";
				VALIDATE_PRODUCT = YES;
			};
			name = Release;
		};
		E4D4323E2ABC61EF001C1EC6 /* Debug */ = {
			isa = XCBuildConfiguration;
			buildSettings = {
				ASSETCATALOG_COMPILER_APPICON_NAME = AppIcon;
				ASSETCATALOG_COMPILER_GLOBAL_ACCENT_COLOR_NAME = AccentColor;
				CODE_SIGN_STYLE = Automatic;
				CURRENT_PROJECT_VERSION = 1;
				GENERATE_INFOPLIST_FILE = YES;
				INFOPLIST_FILE = "I Can Sing/Info.plist";
				INFOPLIST_KEY_UIApplicationSupportsIndirectInputEvents = YES;
				INFOPLIST_KEY_UILaunchStoryboardName = LaunchScreen;
				INFOPLIST_KEY_UIMainStoryboardFile = Main;
				INFOPLIST_KEY_UISupportedInterfaceOrientations_iPad = "UIInterfaceOrientationPortrait UIInterfaceOrientationPortraitUpsideDown UIInterfaceOrientationLandscapeLeft UIInterfaceOrientationLandscapeRight";
				INFOPLIST_KEY_UISupportedInterfaceOrientations_iPhone = "UIInterfaceOrientationPortrait UIInterfaceOrientationLandscapeLeft UIInterfaceOrientationLandscapeRight";
				LD_RUNPATH_SEARCH_PATHS = (
					"$(inherited)",
					"@executable_path/Frameworks",
				);
				MARKETING_VERSION = 1.0;
				PRODUCT_BUNDLE_IDENTIFIER = "com.muhuiyu.I-Can-Sing";
				PRODUCT_NAME = "$(TARGET_NAME)";
				SWIFT_EMIT_LOC_STRINGS = YES;
				SWIFT_VERSION = 5.0;
				TARGETED_DEVICE_FAMILY = "1,2";
			};
			name = Debug;
		};
		E4D4323F2ABC61EF001C1EC6 /* Release */ = {
			isa = XCBuildConfiguration;
			buildSettings = {
				ASSETCATALOG_COMPILER_APPICON_NAME = AppIcon;
				ASSETCATALOG_COMPILER_GLOBAL_ACCENT_COLOR_NAME = AccentColor;
				CODE_SIGN_STYLE = Automatic;
				CURRENT_PROJECT_VERSION = 1;
				GENERATE_INFOPLIST_FILE = YES;
				INFOPLIST_FILE = "I Can Sing/Info.plist";
				INFOPLIST_KEY_UIApplicationSupportsIndirectInputEvents = YES;
				INFOPLIST_KEY_UILaunchStoryboardName = LaunchScreen;
				INFOPLIST_KEY_UIMainStoryboardFile = Main;
				INFOPLIST_KEY_UISupportedInterfaceOrientations_iPad = "UIInterfaceOrientationPortrait UIInterfaceOrientationPortraitUpsideDown UIInterfaceOrientationLandscapeLeft UIInterfaceOrientationLandscapeRight";
				INFOPLIST_KEY_UISupportedInterfaceOrientations_iPhone = "UIInterfaceOrientationPortrait UIInterfaceOrientationLandscapeLeft UIInterfaceOrientationLandscapeRight";
				LD_RUNPATH_SEARCH_PATHS = (
					"$(inherited)",
					"@executable_path/Frameworks",
				);
				MARKETING_VERSION = 1.0;
				PRODUCT_BUNDLE_IDENTIFIER = "com.muhuiyu.I-Can-Sing";
				PRODUCT_NAME = "$(TARGET_NAME)";
				SWIFT_EMIT_LOC_STRINGS = YES;
				SWIFT_VERSION = 5.0;
				TARGETED_DEVICE_FAMILY = "1,2";
			};
			name = Release;
		};
		E4D432412ABC61EF001C1EC6 /* Debug */ = {
			isa = XCBuildConfiguration;
			buildSettings = {
				ALWAYS_EMBED_SWIFT_STANDARD_LIBRARIES = YES;
				BUNDLE_LOADER = "$(TEST_HOST)";
				CODE_SIGN_STYLE = Automatic;
				CURRENT_PROJECT_VERSION = 1;
				GENERATE_INFOPLIST_FILE = YES;
				IPHONEOS_DEPLOYMENT_TARGET = 16.4;
				MARKETING_VERSION = 1.0;
				PRODUCT_BUNDLE_IDENTIFIER = "com.muhuiyu.I-Can-SingTests";
				PRODUCT_NAME = "$(TARGET_NAME)";
				SWIFT_EMIT_LOC_STRINGS = NO;
				SWIFT_VERSION = 5.0;
				TARGETED_DEVICE_FAMILY = "1,2";
				TEST_HOST = "$(BUILT_PRODUCTS_DIR)/I Can Sing.app/$(BUNDLE_EXECUTABLE_FOLDER_PATH)/I Can Sing";
			};
			name = Debug;
		};
		E4D432422ABC61EF001C1EC6 /* Release */ = {
			isa = XCBuildConfiguration;
			buildSettings = {
				ALWAYS_EMBED_SWIFT_STANDARD_LIBRARIES = YES;
				BUNDLE_LOADER = "$(TEST_HOST)";
				CODE_SIGN_STYLE = Automatic;
				CURRENT_PROJECT_VERSION = 1;
				GENERATE_INFOPLIST_FILE = YES;
				IPHONEOS_DEPLOYMENT_TARGET = 16.4;
				MARKETING_VERSION = 1.0;
				PRODUCT_BUNDLE_IDENTIFIER = "com.muhuiyu.I-Can-SingTests";
				PRODUCT_NAME = "$(TARGET_NAME)";
				SWIFT_EMIT_LOC_STRINGS = NO;
				SWIFT_VERSION = 5.0;
				TARGETED_DEVICE_FAMILY = "1,2";
				TEST_HOST = "$(BUILT_PRODUCTS_DIR)/I Can Sing.app/$(BUNDLE_EXECUTABLE_FOLDER_PATH)/I Can Sing";
			};
			name = Release;
		};
		E4D432442ABC61EF001C1EC6 /* Debug */ = {
			isa = XCBuildConfiguration;
			buildSettings = {
				ALWAYS_EMBED_SWIFT_STANDARD_LIBRARIES = YES;
				CODE_SIGN_STYLE = Automatic;
				CURRENT_PROJECT_VERSION = 1;
				GENERATE_INFOPLIST_FILE = YES;
				MARKETING_VERSION = 1.0;
				PRODUCT_BUNDLE_IDENTIFIER = "com.muhuiyu.I-Can-SingUITests";
				PRODUCT_NAME = "$(TARGET_NAME)";
				SWIFT_EMIT_LOC_STRINGS = NO;
				SWIFT_VERSION = 5.0;
				TARGETED_DEVICE_FAMILY = "1,2";
				TEST_TARGET_NAME = "I Can Sing";
			};
			name = Debug;
		};
		E4D432452ABC61EF001C1EC6 /* Release */ = {
			isa = XCBuildConfiguration;
			buildSettings = {
				ALWAYS_EMBED_SWIFT_STANDARD_LIBRARIES = YES;
				CODE_SIGN_STYLE = Automatic;
				CURRENT_PROJECT_VERSION = 1;
				GENERATE_INFOPLIST_FILE = YES;
				MARKETING_VERSION = 1.0;
				PRODUCT_BUNDLE_IDENTIFIER = "com.muhuiyu.I-Can-SingUITests";
				PRODUCT_NAME = "$(TARGET_NAME)";
				SWIFT_EMIT_LOC_STRINGS = NO;
				SWIFT_VERSION = 5.0;
				TARGETED_DEVICE_FAMILY = "1,2";
				TEST_TARGET_NAME = "I Can Sing";
			};
			name = Release;
		};
/* End XCBuildConfiguration section */

/* Begin XCConfigurationList section */
		E4D4320E2ABC61EE001C1EC6 /* Build configuration list for PBXProject "I Can Sing" */ = {
			isa = XCConfigurationList;
			buildConfigurations = (
				E4D4323B2ABC61EF001C1EC6 /* Debug */,
				E4D4323C2ABC61EF001C1EC6 /* Release */,
			);
			defaultConfigurationIsVisible = 0;
			defaultConfigurationName = Release;
		};
		E4D4323D2ABC61EF001C1EC6 /* Build configuration list for PBXNativeTarget "I Can Sing" */ = {
			isa = XCConfigurationList;
			buildConfigurations = (
				E4D4323E2ABC61EF001C1EC6 /* Debug */,
				E4D4323F2ABC61EF001C1EC6 /* Release */,
			);
			defaultConfigurationIsVisible = 0;
			defaultConfigurationName = Release;
		};
		E4D432402ABC61EF001C1EC6 /* Build configuration list for PBXNativeTarget "I Can SingTests" */ = {
			isa = XCConfigurationList;
			buildConfigurations = (
				E4D432412ABC61EF001C1EC6 /* Debug */,
				E4D432422ABC61EF001C1EC6 /* Release */,
			);
			defaultConfigurationIsVisible = 0;
			defaultConfigurationName = Release;
		};
		E4D432432ABC61EF001C1EC6 /* Build configuration list for PBXNativeTarget "I Can SingUITests" */ = {
			isa = XCConfigurationList;
			buildConfigurations = (
				E4D432442ABC61EF001C1EC6 /* Debug */,
				E4D432452ABC61EF001C1EC6 /* Release */,
			);
			defaultConfigurationIsVisible = 0;
			defaultConfigurationName = Release;
		};
/* End XCConfigurationList section */
	};
	rootObject = E4D4320B2ABC61EE001C1EC6 /* Project object */;
}
